
Microsoft Visual Studio Solution File, Format Version 12.00
Project("{FAE04EC0-301F-11D3-BF4B-00C04F79EFBC}") = "ContactApp", "ContactApp\ContactApp.csproj", "{2BE34344-0AFD-4F41-9750-27EE20A69AAF}"
EndProject
Project("{FAE04EC0-301F-11D3-BF4B-00C04F79EFBC}") = "ServiceLayer", "ServiceLayer\ServiceLayer.csproj", "{DEE57A1B-14FC-47BB-8E6C-29C9ABC182A1}"
EndProject
Project("{FAE04EC0-301F-11D3-BF4B-00C04F79EFBC}") = "DataLayer", "DataLayer\DataLayer.csproj", "{EF511DA7-DFFE-4338-8363-52F3454C81E9}"
EndProject
Project("{FAE04EC0-301F-11D3-BF4B-00C04F79EFBC}") = "InfrastructureLayer", "InfrastructureLayer\InfrastructureLayer.csproj", "{799D44DD-2736-4DBD-B2C9-CDBB90507B89}"
EndProject
Global
	GlobalSection(SolutionConfigurationPlatforms) = preSolution
		Debug|Any CPU = Debug|Any CPU
		Release|Any CPU = Release|Any CPU
	EndGlobalSection
	GlobalSection(ProjectConfigurationPlatforms) = postSolution
		{2BE34344-0AFD-4F41-9750-27EE20A69AAF}.Debug|Any CPU.ActiveCfg = Debug|Any CPU
		{2BE34344-0AFD-4F41-9750-27EE20A69AAF}.Debug|Any CPU.Build.0 = Debug|Any CPU
		{2BE34344-0AFD-4F41-9750-27EE20A69AAF}.Release|Any CPU.ActiveCfg = Release|Any CPU
		{2BE34344-0AFD-4F41-9750-27EE20A69AAF}.Release|Any CPU.Build.0 = Release|Any CPU
		{DEE57A1B-14FC-47BB-8E6C-29C9ABC182A1}.Debug|Any CPU.ActiveCfg = Debug|Any CPU
		{DEE57A1B-14FC-47BB-8E6C-29C9ABC182A1}.Debug|Any CPU.Build.0 = Debug|Any CPU
		{DEE57A1B-14FC-47BB-8E6C-29C9ABC182A1}.Release|Any CPU.ActiveCfg = Release|Any CPU
		{DEE57A1B-14FC-47BB-8E6C-29C9ABC182A1}.Release|Any CPU.Build.0 = Release|Any CPU
		{EF511DA7-DFFE-4338-8363-52F3454C81E9}.Debug|Any CPU.ActiveCfg = Debug|Any CPU
		{EF511DA7-DFFE-4338-8363-52F3454C81E9}.Debug|Any CPU.Build.0 = Debug|Any CPU
		{EF511DA7-DFFE-4338-8363-52F3454C81E9}.Release|Any CPU.ActiveCfg = Release|Any CPU
		{EF511DA7-DFFE-4338-8363-52F3454C81E9}.Release|Any CPU.Build.0 = Release|Any CPU
		{799D44DD-2736-4DBD-B2C9-CDBB90507B89}.Debug|Any CPU.ActiveCfg = Debug|Any CPU
		{799D44DD-2736-4DBD-B2C9-CDBB90507B89}.Debug|Any CPU.Build.0 = Debug|Any CPU
		{799D44DD-2736-4DBD-B2C9-CDBB90507B89}.Release|Any CPU.ActiveCfg = Release|Any CPU
		{799D44DD-2736-4DBD-B2C9-CDBB90507B89}.Release|Any CPU.Build.0 = Release|Any CPU
	EndGlobalSection
EndGlobal
